
Microsoft Visual Studio Solution File, Format Version 12.00
# Visual Studio Version 17
VisualStudioVersion = 17.9.34728.123
MinimumVisualStudioVersion = 10.0.40219.1
Project("{9A19103F-16F7-4668-BE54-9A1E7A4F7556}") = "PyL2", "PyL2\PyL2.csproj", "{0ED304C8-9FF3-46BF-8106-DDFB880046F8}"
EndProject
Project("{9A19103F-16F7-4668-BE54-9A1E7A4F7556}") = "BibliotecaDeClases", "BibliotecaDeClases\BibliotecaDeClases.csproj", "{478C028B-9805-45D9-8D9A-0529C4C3E41F}"
EndProject
Project("{9A19103F-16F7-4668-BE54-9A1E7A4F7556}") = "Calculadora", "Calculadora\Calculadora.csproj", "{9E74D46C-0F8E-4E83-BD2E-82DBBEF5DA62}"
EndProject
Project("{9A19103F-16F7-4668-BE54-9A1E7A4F7556}") = "Poo", "Poo\Poo.csproj", "{5A9C77BF-4B93-4733-8693-2B9BE26FA8BD}"
EndProject
Project("{9A19103F-16F7-4668-BE54-9A1E7A4F7556}") = "Sobrecarga", "Sobrecarga\Sobrecarga.csproj", "{C12D2252-BF07-41E3-9056-BB956EAC8A01}"
EndProject
Project("{9A19103F-16F7-4668-BE54-9A1E7A4F7556}") = "WindowsForms", "WindowsForms\WindowsForms.csproj", "{C1153989-569C-491E-8A23-FB0E529C6288}"
EndProject
Project("{9A19103F-16F7-4668-BE54-9A1E7A4F7556}") = "Colecciones", "Colecciones\Colecciones.csproj", "{84A35AAE-A952-4B00-BBB5-433E5DD99E5F}"
EndProject
Project("{9A19103F-16F7-4668-BE54-9A1E7A4F7556}") = "Encap", "encap\Encap.csproj", "{7997BD26-4242-4374-8B30-F9993955F9F9}"
EndProject
Project("{9A19103F-16F7-4668-BE54-9A1E7A4F7556}") = "Herencia", "Herencia\Herencia.csproj", "{0B6C3DED-67D0-4E21-ADFF-FC713FBB474A}"
EndProject
Project("{9A19103F-16F7-4668-BE54-9A1E7A4F7556}") = "BibliotecaCentralita", "centralita\BibliotecaCentralita.csproj", "{E4299B6E-59A4-44B6-AD06-523B1E5C4E60}"
EndProject
Project("{9A19103F-16F7-4668-BE54-9A1E7A4F7556}") = "Polimorfismo", "Polimorfismo\Polimorfismo.csproj", "{0817D6D5-D83E-4276-BD12-D67EDABCE209}"
EndProject
Project("{9A19103F-16F7-4668-BE54-9A1E7A4F7556}") = "excepcion", "excepcion\excepcion.csproj", "{17F4AC0C-C9D7-47C1-BCEE-917CF593F12F}"
EndProject
Project("{9A19103F-16F7-4668-BE54-9A1E7A4F7556}") = "tiposGenericos", "tiposGenericos\tiposGenericos.csproj", "{86FC70E5-4397-4FD4-97F3-352F86F27BE7}"
EndProject
Project("{9A19103F-16F7-4668-BE54-9A1E7A4F7556}") = "TestUnitarios8.0", "TestUnitarios8.0\TestUnitarios8.0.csproj", "{045A58EE-A40F-473D-A470-4E923F738607}"
EndProject
Project("{9A19103F-16F7-4668-BE54-9A1E7A4F7556}") = "Delegados", "Delegados\Delegados.csproj", "{01ABAA99-0A87-42D1-9832-0B5FA1BC7F56}"
EndProject
Project("{9A19103F-16F7-4668-BE54-9A1E7A4F7556}") = "HilosYEventos", "HilosYEventos\HilosYEventos.csproj", "{AE1FE316-9BFD-4268-8C57-55B77888CECF}"
EndProject
Project("{9A19103F-16F7-4668-BE54-9A1E7A4F7556}") = "Interfaces", "Interfaces\Interfaces.csproj", "{29B918D7-EA33-4EBB-B12C-B8149728E236}"
EndProject
Project("{9A19103F-16F7-4668-BE54-9A1E7A4F7556}") = "ArchivosManejadores", "Archivos\ArchivosManejadores.csproj", "{37BA0D18-A5A3-46FC-9EF2-275F045D3465}"
EndProject
Global
	GlobalSection(SolutionConfigurationPlatforms) = preSolution
		Debug|Any CPU = Debug|Any CPU
		Release|Any CPU = Release|Any CPU
	EndGlobalSection
	GlobalSection(ProjectConfigurationPlatforms) = postSolution
		{0ED304C8-9FF3-46BF-8106-DDFB880046F8}.Debug|Any CPU.ActiveCfg = Debug|Any CPU
		{0ED304C8-9FF3-46BF-8106-DDFB880046F8}.Debug|Any CPU.Build.0 = Debug|Any CPU
		{0ED304C8-9FF3-46BF-8106-DDFB880046F8}.Release|Any CPU.ActiveCfg = Release|Any CPU
		{0ED304C8-9FF3-46BF-8106-DDFB880046F8}.Release|Any CPU.Build.0 = Release|Any CPU
		{478C028B-9805-45D9-8D9A-0529C4C3E41F}.Debug|Any CPU.ActiveCfg = Debug|Any CPU
		{478C028B-9805-45D9-8D9A-0529C4C3E41F}.Debug|Any CPU.Build.0 = Debug|Any CPU
		{478C028B-9805-45D9-8D9A-0529C4C3E41F}.Release|Any CPU.ActiveCfg = Release|Any CPU
		{478C028B-9805-45D9-8D9A-0529C4C3E41F}.Release|Any CPU.Build.0 = Release|Any CPU
		{9E74D46C-0F8E-4E83-BD2E-82DBBEF5DA62}.Debug|Any CPU.ActiveCfg = Debug|Any CPU
		{9E74D46C-0F8E-4E83-BD2E-82DBBEF5DA62}.Debug|Any CPU.Build.0 = Debug|Any CPU
		{9E74D46C-0F8E-4E83-BD2E-82DBBEF5DA62}.Release|Any CPU.ActiveCfg = Release|Any CPU
		{9E74D46C-0F8E-4E83-BD2E-82DBBEF5DA62}.Release|Any CPU.Build.0 = Release|Any CPU
		{5A9C77BF-4B93-4733-8693-2B9BE26FA8BD}.Debug|Any CPU.ActiveCfg = Debug|Any CPU
		{5A9C77BF-4B93-4733-8693-2B9BE26FA8BD}.Debug|Any CPU.Build.0 = Debug|Any CPU
		{5A9C77BF-4B93-4733-8693-2B9BE26FA8BD}.Release|Any CPU.ActiveCfg = Release|Any CPU
		{5A9C77BF-4B93-4733-8693-2B9BE26FA8BD}.Release|Any CPU.Build.0 = Release|Any CPU
		{C12D2252-BF07-41E3-9056-BB956EAC8A01}.Debug|Any CPU.ActiveCfg = Debug|Any CPU
		{C12D2252-BF07-41E3-9056-BB956EAC8A01}.Debug|Any CPU.Build.0 = Debug|Any CPU
		{C12D2252-BF07-41E3-9056-BB956EAC8A01}.Release|Any CPU.ActiveCfg = Release|Any CPU
		{C12D2252-BF07-41E3-9056-BB956EAC8A01}.Release|Any CPU.Build.0 = Release|Any CPU
		{C1153989-569C-491E-8A23-FB0E529C6288}.Debug|Any CPU.ActiveCfg = Debug|Any CPU
		{C1153989-569C-491E-8A23-FB0E529C6288}.Debug|Any CPU.Build.0 = Debug|Any CPU
		{C1153989-569C-491E-8A23-FB0E529C6288}.Release|Any CPU.ActiveCfg = Release|Any CPU
		{C1153989-569C-491E-8A23-FB0E529C6288}.Release|Any CPU.Build.0 = Release|Any CPU
		{84A35AAE-A952-4B00-BBB5-433E5DD99E5F}.Debug|Any CPU.ActiveCfg = Debug|Any CPU
		{84A35AAE-A952-4B00-BBB5-433E5DD99E5F}.Debug|Any CPU.Build.0 = Debug|Any CPU
		{84A35AAE-A952-4B00-BBB5-433E5DD99E5F}.Release|Any CPU.ActiveCfg = Release|Any CPU
		{84A35AAE-A952-4B00-BBB5-433E5DD99E5F}.Release|Any CPU.Build.0 = Release|Any CPU
		{7997BD26-4242-4374-8B30-F9993955F9F9}.Debug|Any CPU.ActiveCfg = Debug|Any CPU
		{7997BD26-4242-4374-8B30-F9993955F9F9}.Debug|Any CPU.Build.0 = Debug|Any CPU
		{7997BD26-4242-4374-8B30-F9993955F9F9}.Release|Any CPU.ActiveCfg = Release|Any CPU
		{7997BD26-4242-4374-8B30-F9993955F9F9}.Release|Any CPU.Build.0 = Release|Any CPU
		{0B6C3DED-67D0-4E21-ADFF-FC713FBB474A}.Debug|Any CPU.ActiveCfg = Debug|Any CPU
		{0B6C3DED-67D0-4E21-ADFF-FC713FBB474A}.Debug|Any CPU.Build.0 = Debug|Any CPU
		{0B6C3DED-67D0-4E21-ADFF-FC713FBB474A}.Release|Any CPU.ActiveCfg = Release|Any CPU
		{0B6C3DED-67D0-4E21-ADFF-FC713FBB474A}.Release|Any CPU.Build.0 = Release|Any CPU
		{E4299B6E-59A4-44B6-AD06-523B1E5C4E60}.Debug|Any CPU.ActiveCfg = Debug|Any CPU
		{E4299B6E-59A4-44B6-AD06-523B1E5C4E60}.Debug|Any CPU.Build.0 = Debug|Any CPU
		{E4299B6E-59A4-44B6-AD06-523B1E5C4E60}.Release|Any CPU.ActiveCfg = Release|Any CPU
		{E4299B6E-59A4-44B6-AD06-523B1E5C4E60}.Release|Any CPU.Build.0 = Release|Any CPU
		{0817D6D5-D83E-4276-BD12-D67EDABCE209}.Debug|Any CPU.ActiveCfg = Debug|Any CPU
		{0817D6D5-D83E-4276-BD12-D67EDABCE209}.Debug|Any CPU.Build.0 = Debug|Any CPU
		{0817D6D5-D83E-4276-BD12-D67EDABCE209}.Release|Any CPU.ActiveCfg = Release|Any CPU
		{0817D6D5-D83E-4276-BD12-D67EDABCE209}.Release|Any CPU.Build.0 = Release|Any CPU
		{17F4AC0C-C9D7-47C1-BCEE-917CF593F12F}.Debug|Any CPU.ActiveCfg = Debug|Any CPU
		{17F4AC0C-C9D7-47C1-BCEE-917CF593F12F}.Debug|Any CPU.Build.0 = Debug|Any CPU
		{17F4AC0C-C9D7-47C1-BCEE-917CF593F12F}.Release|Any CPU.ActiveCfg = Release|Any CPU
		{17F4AC0C-C9D7-47C1-BCEE-917CF593F12F}.Release|Any CPU.Build.0 = Release|Any CPU
		{86FC70E5-4397-4FD4-97F3-352F86F27BE7}.Debug|Any CPU.ActiveCfg = Debug|Any CPU
		{86FC70E5-4397-4FD4-97F3-352F86F27BE7}.Debug|Any CPU.Build.0 = Debug|Any CPU
		{86FC70E5-4397-4FD4-97F3-352F86F27BE7}.Release|Any CPU.ActiveCfg = Release|Any CPU
		{86FC70E5-4397-4FD4-97F3-352F86F27BE7}.Release|Any CPU.Build.0 = Release|Any CPU
		{045A58EE-A40F-473D-A470-4E923F738607}.Debug|Any CPU.ActiveCfg = Debug|Any CPU
		{045A58EE-A40F-473D-A470-4E923F738607}.Debug|Any CPU.Build.0 = Debug|Any CPU
		{045A58EE-A40F-473D-A470-4E923F738607}.Release|Any CPU.ActiveCfg = Release|Any CPU
		{045A58EE-A40F-473D-A470-4E923F738607}.Release|Any CPU.Build.0 = Release|Any CPU
		{01ABAA99-0A87-42D1-9832-0B5FA1BC7F56}.Debug|Any CPU.ActiveCfg = Debug|Any CPU
		{01ABAA99-0A87-42D1-9832-0B5FA1BC7F56}.Debug|Any CPU.Build.0 = Debug|Any CPU
		{01ABAA99-0A87-42D1-9832-0B5FA1BC7F56}.Release|Any CPU.ActiveCfg = Release|Any CPU
		{01ABAA99-0A87-42D1-9832-0B5FA1BC7F56}.Release|Any CPU.Build.0 = Release|Any CPU
		{AE1FE316-9BFD-4268-8C57-55B77888CECF}.Debug|Any CPU.ActiveCfg = Debug|Any CPU
		{AE1FE316-9BFD-4268-8C57-55B77888CECF}.Debug|Any CPU.Build.0 = Debug|Any CPU
		{AE1FE316-9BFD-4268-8C57-55B77888CECF}.Release|Any CPU.ActiveCfg = Release|Any CPU
		{AE1FE316-9BFD-4268-8C57-55B77888CECF}.Release|Any CPU.Build.0 = Release|Any CPU
		{29B918D7-EA33-4EBB-B12C-B8149728E236}.Debug|Any CPU.ActiveCfg = Debug|Any CPU
		{29B918D7-EA33-4EBB-B12C-B8149728E236}.Debug|Any CPU.Build.0 = Debug|Any CPU
		{29B918D7-EA33-4EBB-B12C-B8149728E236}.Release|Any CPU.ActiveCfg = Release|Any CPU
		{29B918D7-EA33-4EBB-B12C-B8149728E236}.Release|Any CPU.Build.0 = Release|Any CPU
		{37BA0D18-A5A3-46FC-9EF2-275F045D3465}.Debug|Any CPU.ActiveCfg = Debug|Any CPU
		{37BA0D18-A5A3-46FC-9EF2-275F045D3465}.Debug|Any CPU.Build.0 = Debug|Any CPU
		{37BA0D18-A5A3-46FC-9EF2-275F045D3465}.Release|Any CPU.ActiveCfg = Release|Any CPU
		{37BA0D18-A5A3-46FC-9EF2-275F045D3465}.Release|Any CPU.Build.0 = Release|Any CPU
	EndGlobalSection
	GlobalSection(SolutionProperties) = preSolution
		HideSolutionNode = FALSE
	EndGlobalSection
	GlobalSection(ExtensibilityGlobals) = postSolution
		SolutionGuid = {E2D07D9F-5BB4-4273-8E09-5DA53CAD0BFC}
	EndGlobalSection
EndGlobal
